
Microsoft Visual Studio Solution File, Format Version 12.00
# Visual Studio 15
VisualStudioVersion = 15.0.28307.168
MinimumVisualStudioVersion = 10.0.40219.1
Project("{9A19103F-16F7-4668-BE54-9A1E7A4F7556}") = "EA.TMS.Common", "EA.TMS.Common\EA.TMS.Common.csproj", "{3A0BDD28-D8DA-457C-A104-052F9527EB77}"
EndProject
Project("{FAE04EC0-301F-11D3-BF4B-00C04F79EFBC}") = "EA.TMS.DataAccess", "EA.TMS.DAL\EA.TMS.DataAccess.csproj", "{BBA2E6DD-5C81-4A7B-AB75-A7A10B117BB7}"
EndProject
Global
	GlobalSection(SolutionConfigurationPlatforms) = preSolution
		Debug|Any CPU = Debug|Any CPU
		Release|Any CPU = Release|Any CPU
	EndGlobalSection
	GlobalSection(ProjectConfigurationPlatforms) = postSolution
		{3A0BDD28-D8DA-457C-A104-052F9527EB77}.Debug|Any CPU.ActiveCfg = Debug|Any CPU
		{3A0BDD28-D8DA-457C-A104-052F9527EB77}.Debug|Any CPU.Build.0 = Debug|Any CPU
		{3A0BDD28-D8DA-457C-A104-052F9527EB77}.Release|Any CPU.ActiveCfg = Release|Any CPU
		{3A0BDD28-D8DA-457C-A104-052F9527EB77}.Release|Any CPU.Build.0 = Release|Any CPU
		{BBA2E6DD-5C81-4A7B-AB75-A7A10B117BB7}.Debug|Any CPU.ActiveCfg = Debug|Any CPU
		{BBA2E6DD-5C81-4A7B-AB75-A7A10B117BB7}.Debug|Any CPU.Build.0 = Debug|Any CPU
		{BBA2E6DD-5C81-4A7B-AB75-A7A10B117BB7}.Release|Any CPU.ActiveCfg = Release|Any CPU
		{BBA2E6DD-5C81-4A7B-AB75-A7A10B117BB7}.Release|Any CPU.Build.0 = Release|Any CPU
	EndGlobalSection
	GlobalSection(SolutionProperties) = preSolution
		HideSolutionNode = FALSE
	EndGlobalSection
	GlobalSection(ExtensibilityGlobals) = postSolution
		SolutionGuid = {B29FA7A5-99D6-493B-B703-F8729904C60C}
	EndGlobalSection
EndGlobal
